<?xml version="1.0" encoding="utf-8"?>
<Project ToolsVersion="4.0" xmlns="http://schemas.microsoft.com/developer/msbuild/2003">
  <ItemGroup>
    <Filter Include="Source Files">
      <UniqueIdentifier>{4FC737F1-C7A5-4376-A066-2A32D752A2FF}</UniqueIdentifier>
      <Extensions>cpp;c;cc;cxx;c++;cppm;ixx;def;odl;idl;hpj;bat;asm;asmx</Extensions>
    </Filter>
    <Filter Include="Header Files">
      <UniqueIdentifier>{93995380-89BD-4b04-88EB-625FBE52EBFB}</UniqueIdentifier>
      <Extensions>h;hh;hpp;hxx;h++;hm;inl;inc;ipp;xsd</Extensions>
    </Filter>
    <Filter Include="Resource Files">
      <UniqueIdentifier>{67DA6AB6-F800-4c08-8B7A-83BB121AAD01}</UniqueIdentifier>
      <Extensions>rc;ico;cur;bmp;dlg;rc2;rct;bin;rgs;gif;jpg;jpeg;jpe;resx;tiff;tif;png;wav;mfcribbon-ms</Extensions>
    </Filter>
  </ItemGroup>
  <ItemGroup>
    <ClCompile Include="Entities\Player\Player.cpp">
      <Filter>Source Files</Filter>
    </ClCompile>
    <ClCompile Include="Entities\Enemy\Enemies\TestNpc.cpp">
      <Filter>Source Files</Filter>
    </ClCompile>
    <ClCompile Include="Entities\TestParticleSystem.cpp">
      <Filter>Source Files</Filter>
    </ClCompile>
    <ClCompile Include="ParticleSystems\HitBlood.cpp">
      <Filter>Source Files</Filter>
    </ClCompile>
    <ClCompile Include="GameStart.cpp">
      <Filter>Source Files</Filter>
    </ClCompile>
    <ClCompile Include="UI\Player\PlayerHud.cpp">
      <Filter>Source Files</Filter>
    </ClCompile>
    <ClCompile Include="Entities\Player\Weapons\weapon_shotgun.cpp">
      <Filter>Source Files</Filter>
    </ClCompile>
    <ClCompile Include="Entities\Player\Weapons\Projectiles\Bullet.cpp">
      <Filter>Source Files</Filter>
    </ClCompile>
    <ClCompile Include="ParticleSystems\BulletTrail.cpp">
      <Filter>Source Files</Filter>
    </ClCompile>
    <ClCompile Include="Entities\Player\Weapons\weapon_pistol.cpp">
      <Filter>Source Files</Filter>
    </ClCompile>
    <ClCompile Include="UI\MobileControls\UiJoystick.cpp">
      <Filter>Source Files</Filter>
    </ClCompile>
    <ClCompile Include="UI\MobileControls\UiTouchMoveArea.cpp">
      <Filter>Source Files</Filter>
    </ClCompile>
    <ClCompile Include="UI\LoadingScreen\UiDefaultLoadingScreen.cpp">
      <Filter>Source Files</Filter>
    </ClCompile>
    <ClCompile Include="Entities\Npc\NpcBase.cpp">
      <Filter>Source Files</Filter>
    </ClCompile>
    <ClCompile Include="Entities\Npc\Animators\NpcAnimatorBase.cpp">
      <Filter>Source Files</Filter>
    </ClCompile>
    <ClCompile Include="Entities\Player\Weapons\weapon_cane.cpp">
      <Filter>Source Files</Filter>
    </ClCompile>
    <ClCompile Include="Entities\Player\Weapons\Projectiles\CaneProjectile.cpp">
      <Filter>Source Files</Filter>
    </ClCompile>
    <ClCompile Include="ParticleSystems\CaneTrail.cpp">
      <Filter>Source Files</Filter>
    </ClCompile>
    <ClCompile Include="ParticleSystems\Fog.cpp">
      <Filter>Source Files</Filter>
    </ClCompile>
    <ClCompile Include="Entities\Player\Weapons\weapon_tommy.cpp">
      <Filter>Source Files</Filter>
    </ClCompile>
    <ClCompile Include="Entities\RelativeTeleporter.cpp">
      <Filter>Source Files</Filter>
    </ClCompile>
    <ClCompile Include="Ai\BehaviorTreeTasks\MoveToEntity.cpp">
      <Filter>Source Files</Filter>
    </ClCompile>
    <ClCompile Include="Entities\Player\Weapons\weapon_mpsd.cpp">
      <Filter>Source Files</Filter>
    </ClCompile>
    <ClCompile Include="Entities\Npc\Ai\TaskPoint.cpp">
      <Filter>Source Files</Filter>
    </ClCompile>
    <ClCompile Include="Ai\BehaviorTreeTasks\SetLookTargetFromCurrentNavPoint.cpp">
      <Filter>Source Files</Filter>
    </ClCompile>
    <ClCompile Include="Ai\BehaviorTreeTasks\MoveToPosition.cpp">
      <Filter>Source Files</Filter>
    </ClCompile>
    <ClCompile Include="Ai\BehaviorTreeTasks\StopTargetFollow.cpp">
      <Filter>Source Files</Filter>
    </ClCompile>
    <ClCompile Include="Ai\BehaviorTreeTasks\FinishInvestigation.cpp">
      <Filter>Source Files</Filter>
    </ClCompile>
    <ClCompile Include="Entities\Npc\NpcGuardBase.cpp">
      <Filter>Source Files</Filter>
    </ClCompile>
    <ClCompile Include="Entities\Npc\NpcCivilianBase.cpp">
      <Filter>Source Files</Filter>
    </ClCompile>
    <ClCompile Include="Ai\BehaviorTreeTasks\NpcTaskDoJob.cpp">
      <Filter>Source Files</Filter>
    </ClCompile>
    <ClCompile Include="Ai\BehaviorTreeTasks\Task_DestinationReached.cpp">
      <Filter>Source Files</Filter>
    </ClCompile>
    <ClCompile Include="Ai\BehaviorTreeTasks\Lock.cpp">
      <Filter>Source Files</Filter>
    </ClCompile>
    <ClCompile Include="Entities\Npc\Ai\Task_PatrolPoint.cpp">
      <Filter>Source Files</Filter>
    </ClCompile>
    <ClCompile Include="Ai\BehaviorTreeTasks\Task_Doing.cpp">
      <Filter>Source Files</Filter>
    </ClCompile>
    <ClCompile Include="Ai\BehaviorTreeTasks\Task_NotDoing.cpp">
      <Filter>Source Files</Filter>
    </ClCompile>
    <ClCompile Include="Entities\Npc\Ai\Task_SmokePoint.cpp">
      <Filter>Source Files</Filter>
    </ClCompile>
    <ClCompile Include="Entities\Npc\Ai\TaskSimpleAction.cpp">
      <Filter>Source Files</Filter>
    </ClCompile>
    <ClCompile Include="Entities\Npc\Ai\TaskPhasedAction.cpp">
      <Filter>Source Files</Filter>
    </ClCompile>
    <ClCompile Include="Entities\Npc\Ai\Task_ChairPoint.cpp">
      <Filter>Source Files</Filter>
    </ClCompile>
    <ClCompile Include="Entities\Npc\Ai\TaskWaypoint.cpp">
      <Filter>Source Files</Filter>
    </ClCompile>
    <ClCompile Include="Entities\Npc\Ai\TaskPairedAction.cpp">
      <Filter>Source Files</Filter>
    </ClCompile>
    <ClCompile Include="Entities\Npc\Ai\Task_ChatPoint.cpp">
      <Filter>Source Files</Filter>
    </ClCompile>
    <ClCompile Include="Entities\Player\RestrictedArea.cpp">
      <Filter>Source Files</Filter>
    </ClCompile>
    <ClCompile Include="Entities\Player\Weapons\weapon_sniper.cpp">
      <Filter>Source Files</Filter>
    </ClCompile>
    <ClCompile Include="Entities\Player\Weapons\WeaponBase.cpp">
      <Filter>Source Files</Filter>
    </ClCompile>
    <ClCompile Include="Entities\Enviroment\Door.cpp">
      <Filter>Source Files</Filter>
    </ClCompile>
    <ClCompile Include="UI\Player\Crosshair.cpp">
      <Filter>Source Files</Filter>
    </ClCompile>
    <ClCompile Include="Entities\Player\Weapons\WeaponFirearm.cpp">
      <Filter>Source Files</Filter>
    </ClCompile>
    <ClCompile Include="Entities\Player\Weapons\Animators\Animator_Akimbo.cpp">
      <Filter>Source Files</Filter>
    </ClCompile>
    <ClCompile Include="Entities\Player\Weapons\Animators\Animator_Rifle.cpp">
      <Filter>Source Files</Filter>
    </ClCompile>
    <ClCompile Include="Entities\Player\Weapons\Animators\Animator_OneHand.cpp">
      <Filter>Source Files</Filter>
    </ClCompile>
    <ClCompile Include="Entities\Player\Weapons\weapon_swords.cpp">
      <Filter>Source Files</Filter>
    </ClCompile>
    <ClCompile Include="Entities\Player\Weapons\weapon_lefthand_empty.cpp">
      <Filter>Source Files</Filter>
    </ClCompile>
    <ClCompile Include="Entities\Enemy\Enemies\NpcHelper.cpp">
      <Filter>Source Files</Filter>
    </ClCompile>
    <ClCompile Include="Entities\Enemy\Enemies\NpcHumanAxe.cpp">
      <Filter>Source Files</Filter>
    </ClCompile>
    <ClCompile Include="Entities\Player\player_start.cpp">
      <Filter>Source Files</Filter>
    </ClCompile>
    <ClCompile Include="Entities\Triggers\TriggerTravel.cpp">
      <Filter>Source Files</Filter>
    </ClCompile>
    <ClCompile Include="Entities\NpcSimulationManager.cpp">
      <Filter>Source Files</Filter>
    </ClCompile>
    <ClCompile Include="Entities\Npc\NpcBanditTest.cpp">
      <Filter>Source Files</Filter>
    </ClCompile>
    <ClCompile Include="Entities\Enemy\Debuff.cpp">
      <Filter>Source Files</Filter>
    </ClCompile>
    <ClCompile Include="Entities\Enemy\IEnemy.cpp">
      <Filter>Source Files</Filter>
    </ClCompile>
    <ClCompile Include="Entities\Enemy\Debuffs\PoiseBreakDebuff.cpp">
      <Filter>Source Files</Filter>
    </ClCompile>
    <ClCompile Include="Entities\Enemy\Debuffs\DisbalanceDebuff.cpp">
      <Filter>Source Files</Filter>
    </ClCompile>
    <ClCompile Include="Entities\Enemy\Debuffs\QuicksilverDebuff.cpp">
      <Filter>Source Files</Filter>
    </ClCompile>
    <ClCompile Include="Entities\Enemy\Enemies\NpcHumanGun.cpp">
      <Filter>Source Files</Filter>
    </ClCompile>
    <ClCompile Include="UI\General\UiLocationTileDrop.cpp">
      <Filter>Source Files</Filter>
    </ClCompile>
  </ItemGroup>
  <ItemGroup>
    <ClInclude Include="Entities\Player\Player.hpp">
      <Filter>Header Files</Filter>
    </ClInclude>
    <ClInclude Include="Entities\Enemy\Enemies\TestNpc.hpp">
      <Filter>Header Files</Filter>
    </ClInclude>
    <ClInclude Include="Entities\TestParticleSystem.hpp">
      <Filter>Header Files</Filter>
    </ClInclude>
    <ClInclude Include="UI\Player\PlayerHud.hpp">
      <Filter>Header Files</Filter>
    </ClInclude>
    <ClInclude Include="Entities\Player\Weapons\WeaponBase.h">
      <Filter>Header Files</Filter>
    </ClInclude>
    <ClInclude Include="Entities\Player\Weapons\Projectiles\Bullet.h">
      <Filter>Header Files</Filter>
    </ClInclude>
    <ClInclude Include="Entities\TestBsp.h">
      <Filter>Header Files</Filter>
    </ClInclude>
    <ClInclude Include="UI\MobileControls\UiJoystick.h">
      <Filter>Header Files</Filter>
    </ClInclude>
    <ClInclude Include="UI\MobileControls\UiTouchMoveArea.h">
      <Filter>Header Files</Filter>
    </ClInclude>
    <ClInclude Include="UI\Player\ScreenMobileControls.h">
      <Filter>Header Files</Filter>
    </ClInclude>
    <ClInclude Include="Entities\Player\PlayerBodyAnimator.h">
      <Filter>Header Files</Filter>
    </ClInclude>
    <ClInclude Include="UI\LoadingScreen\UiDefaultLoadingScreen.h">
      <Filter>Header Files</Filter>
    </ClInclude>
    <ClInclude Include="Entities\Npc\NpcBase.h">
      <Filter>Header Files</Filter>
    </ClInclude>
    <ClInclude Include="Entities\Npc\Animators\NpcAnimatorBase.h">
      <Filter>Header Files</Filter>
    </ClInclude>
    <ClInclude Include="Entities\Player\Weapons\Projectiles\CaneProjectile.h">
      <Filter>Header Files</Filter>
    </ClInclude>
    <ClInclude Include="Entities\Enemy\IEnemy.h">
      <Filter>Header Files</Filter>
    </ClInclude>
    <ClInclude Include="Entities\Player\Weapons\WeaponFireFlash.h">
      <Filter>Header Files</Filter>
    </ClInclude>
    <ClInclude Include="Entities\Npc\Ai\TaskPoint.h">
      <Filter>Header Files</Filter>
    </ClInclude>
    <ClInclude Include="Ai\NpcTasks\TaskState.h">
      <Filter>Header Files</Filter>
    </ClInclude>
    <ClInclude Include="Entities\Npc\Ai\TaskSimpleAction.h">
      <Filter>Header Files</Filter>
    </ClInclude>
    <ClInclude Include="Entities\Npc\Ai\TaskPhasedAction.h">
      <Filter>Header Files</Filter>
    </ClInclude>
    <ClInclude Include="Entities\Npc\Ai\TaskWaypoint.h">
      <Filter>Header Files</Filter>
    </ClInclude>
    <ClInclude Include="Entities\Npc\Ai\TaskPairedAction.h">
      <Filter>Header Files</Filter>
    </ClInclude>
    <ClInclude Include="Entities\Player\RestrictedArea.h">
      <Filter>Header Files</Filter>
    </ClInclude>
    <ClInclude Include="Entities\Enviroment\Door.h">
      <Filter>Header Files</Filter>
    </ClInclude>
    <ClInclude Include="UI\Player\Crosshair.h">
      <Filter>Header Files</Filter>
    </ClInclude>
    <ClInclude Include="Entities\Player\Weapons\WeaponFirearm.h">
      <Filter>Header Files</Filter>
    </ClInclude>
    <ClInclude Include="Entities\Player\Weapons\Animators\WeaponAnimator.h">
      <Filter>Header Files</Filter>
    </ClInclude>
    <ClInclude Include="Entities\Player\Weapons\Animators\Animator_Akimbo.h">
      <Filter>Header Files</Filter>
    </ClInclude>
    <ClInclude Include="Entities\Player\Weapons\Animators\Animator_Rifle.h">
      <Filter>Header Files</Filter>
    </ClInclude>
    <ClInclude Include="Entities\Player\Weapons\Animators\Animator_OneHand.h">
      <Filter>Header Files</Filter>
    </ClInclude>
    <ClInclude Include="Entities\Enemy\Enemies\NpcHelper.h">
      <Filter>Header Files</Filter>
    </ClInclude>
    <ClInclude Include="Entities\Enemy\Enemies\NpcHumanAxe.h">
      <Filter>Header Files</Filter>
    </ClInclude>
    <ClInclude Include="Entities\NpcSimulationManager.h">
      <Filter>Header Files</Filter>
    </ClInclude>
    <ClInclude Include="Entities\Enemy\Debuff.h">
      <Filter>Header Files</Filter>
    </ClInclude>
    <ClInclude Include="Entities\Enemy\DebuffFactory.h">
      <Filter>Header Files</Filter>
    </ClInclude>
    <ClInclude Include="UI\Enemy\UiNpcDebuffs.h">
      <Filter>Header Files</Filter>
    </ClInclude>
    <ClInclude Include="Entities\Enemy\Enemies\NpcHumanGun.h">
      <Filter>Header Files</Filter>
    </ClInclude>
    <ClInclude Include="UI\General\UiLocationTileDrop.h">
      <Filter>Header Files</Filter>
    </ClInclude>
  </ItemGroup>
</Project>