
Microsoft Visual Studio Solution File, Format Version 12.00
# Visual Studio Version 18
VisualStudioVersion = 18.3.11415.281
MinimumVisualStudioVersion = 10.0.40219.1
Project("{8BC9CEB8-8B4A-11D0-8D11-00A0C91BC942}") = "Engine", "Engine\Engine.vcxproj", "{D353D7F2-B610-486E-B37F-EAC38F0A6E35}"
EndProject
Project("{2150E333-8FDC-42A3-9474-1A3956D46DE8}") = "Platforms", "Platforms", "{3468E4F9-0556-4EBB-86DD-4F95EB82F6FD}"
EndProject
Project("{FAE04EC0-301F-11D3-BF4B-00C04F79EFBC}") = "UWPWebPlayer", "..\Platforms\UWPWebPlayer\UWPWebPlayer.csproj", "{A77E1D7E-81A0-4E0C-B963-5A566637F0CF}"
EndProject
Project("{2150E333-8FDC-42A3-9474-1A3956D46DE8}") = "Tools", "Tools", "{AACF0D7C-6B57-4686-BAD8-226C3B4BDC07}"
EndProject
Project("{8BC9CEB8-8B4A-11D0-8D11-00A0C91BC942}") = "SkeletalEditor", "SkeletalEditor\SkeletalEditor.vcxproj", "{8A221747-7EFF-4885-9B18-0261C4DBFCBB}"
EndProject
Project("{FAE04EC0-301F-11D3-BF4B-00C04F79EFBC}") = "MauiPlayer", "MauiPlayer\MauiPlayer.csproj", "{029B5570-C768-4DB7-824C-63AE28885DF3}"
EndProject
Project("{2150E333-8FDC-42A3-9474-1A3956D46DE8}") = "Games", "Games", "{02EA681E-C7D8-13C7-8484-4AC65E1B71E8}"
EndProject
Project("{8BC9CEB8-8B4A-11D0-8D11-00A0C91BC942}") = "ShooterGame", "Games\ShooterGame\Game.vcxproj", "{20812A9D-5CE8-485F-8814-7499BCB5FB04}"
EndProject
Project("{8BC9CEB8-8B4A-11D0-8D11-00A0C91BC942}") = "HorrorGame", "Games\HorrorGame\HorrorGame.vcxproj", "{00B429CD-9A0D-46D6-AAFA-1CD1482945E4}"
EndProject
Project("{8BC9CEB8-8B4A-11D0-8D11-00A0C91BC942}") = "ShaderOptimizer", "ShaderOptimizer\ShaderOptimizer.vcxproj", "{3BD78C5F-B098-43B8-9AEF-3412147A2B82}"
EndProject
Project("{FAE04EC0-301F-11D3-BF4B-00C04F79EFBC}") = "BspZip", "BspZip\BspZip.csproj", "{C94F75E0-B8B9-4070-A187-38067EC62EB1}"
EndProject
Project("{FAE04EC0-301F-11D3-BF4B-00C04F79EFBC}") = "ShaderCompilationAutomation", "ShaderCompilationAutomation\ShaderCompilationAutomation.csproj", "{937F05C3-5DAE-A20C-5EA5-252EE1DCEDC9}"
EndProject
Global
	GlobalSection(SolutionConfigurationPlatforms) = preSolution
		Debug|ARM = Debug|ARM
		Debug|ARM64 = Debug|ARM64
		Debug|emscripten = Debug|emscripten
		Debug|x64 = Debug|x64
		Debug|x86 = Debug|x86
		Distribution|ARM = Distribution|ARM
		Distribution|ARM64 = Distribution|ARM64
		Distribution|emscripten = Distribution|emscripten
		Distribution|x64 = Distribution|x64
		Distribution|x86 = Distribution|x86
		emscripten|ARM = emscripten|ARM
		emscripten|ARM64 = emscripten|ARM64
		emscripten|emscripten = emscripten|emscripten
		emscripten|x64 = emscripten|x64
		emscripten|x86 = emscripten|x86
		Release|ARM = Release|ARM
		Release|ARM64 = Release|ARM64
		Release|emscripten = Release|emscripten
		Release|x64 = Release|x64
		Release|x86 = Release|x86
	EndGlobalSection
	GlobalSection(ProjectConfigurationPlatforms) = postSolution
		{D353D7F2-B610-486E-B37F-EAC38F0A6E35}.Debug|ARM.ActiveCfg = Debug|x64
		{D353D7F2-B610-486E-B37F-EAC38F0A6E35}.Debug|ARM.Build.0 = Debug|x64
		{D353D7F2-B610-486E-B37F-EAC38F0A6E35}.Debug|ARM64.ActiveCfg = Debug|x64
		{D353D7F2-B610-486E-B37F-EAC38F0A6E35}.Debug|ARM64.Build.0 = Debug|x64
		{D353D7F2-B610-486E-B37F-EAC38F0A6E35}.Debug|emscripten.ActiveCfg = Debug|Win32
		{D353D7F2-B610-486E-B37F-EAC38F0A6E35}.Debug|emscripten.Build.0 = Debug|Win32
		{D353D7F2-B610-486E-B37F-EAC38F0A6E35}.Debug|x64.ActiveCfg = Debug|x64
		{D353D7F2-B610-486E-B37F-EAC38F0A6E35}.Debug|x64.Build.0 = Debug|x64
		{D353D7F2-B610-486E-B37F-EAC38F0A6E35}.Debug|x86.ActiveCfg = Debug|Win32
		{D353D7F2-B610-486E-B37F-EAC38F0A6E35}.Debug|x86.Build.0 = Debug|Win32
		{D353D7F2-B610-486E-B37F-EAC38F0A6E35}.Distribution|ARM.ActiveCfg = Distribution|x64
		{D353D7F2-B610-486E-B37F-EAC38F0A6E35}.Distribution|ARM.Build.0 = Distribution|x64
		{D353D7F2-B610-486E-B37F-EAC38F0A6E35}.Distribution|ARM64.ActiveCfg = Distribution|x64
		{D353D7F2-B610-486E-B37F-EAC38F0A6E35}.Distribution|ARM64.Build.0 = Distribution|x64
		{D353D7F2-B610-486E-B37F-EAC38F0A6E35}.Distribution|emscripten.ActiveCfg = Distribution|x64
		{D353D7F2-B610-486E-B37F-EAC38F0A6E35}.Distribution|emscripten.Build.0 = Distribution|x64
		{D353D7F2-B610-486E-B37F-EAC38F0A6E35}.Distribution|x64.ActiveCfg = Distribution|x64
		{D353D7F2-B610-486E-B37F-EAC38F0A6E35}.Distribution|x64.Build.0 = Distribution|x64
		{D353D7F2-B610-486E-B37F-EAC38F0A6E35}.Distribution|x86.ActiveCfg = Distribution|Win32
		{D353D7F2-B610-486E-B37F-EAC38F0A6E35}.Distribution|x86.Build.0 = Distribution|Win32
		{D353D7F2-B610-486E-B37F-EAC38F0A6E35}.emscripten|ARM.ActiveCfg = emscripten|x64
		{D353D7F2-B610-486E-B37F-EAC38F0A6E35}.emscripten|ARM.Build.0 = emscripten|x64
		{D353D7F2-B610-486E-B37F-EAC38F0A6E35}.emscripten|ARM64.ActiveCfg = emscripten|x64
		{D353D7F2-B610-486E-B37F-EAC38F0A6E35}.emscripten|ARM64.Build.0 = emscripten|x64
		{D353D7F2-B610-486E-B37F-EAC38F0A6E35}.emscripten|emscripten.ActiveCfg = emscripten|Win32
		{D353D7F2-B610-486E-B37F-EAC38F0A6E35}.emscripten|emscripten.Build.0 = emscripten|Win32
		{D353D7F2-B610-486E-B37F-EAC38F0A6E35}.emscripten|x64.ActiveCfg = emscripten|x64
		{D353D7F2-B610-486E-B37F-EAC38F0A6E35}.emscripten|x64.Build.0 = emscripten|x64
		{D353D7F2-B610-486E-B37F-EAC38F0A6E35}.emscripten|x86.ActiveCfg = emscripten|Win32
		{D353D7F2-B610-486E-B37F-EAC38F0A6E35}.emscripten|x86.Build.0 = emscripten|Win32
		{D353D7F2-B610-486E-B37F-EAC38F0A6E35}.Release|ARM.ActiveCfg = Release|x64
		{D353D7F2-B610-486E-B37F-EAC38F0A6E35}.Release|ARM.Build.0 = Release|x64
		{D353D7F2-B610-486E-B37F-EAC38F0A6E35}.Release|ARM64.ActiveCfg = Release|x64
		{D353D7F2-B610-486E-B37F-EAC38F0A6E35}.Release|ARM64.Build.0 = Release|x64
		{D353D7F2-B610-486E-B37F-EAC38F0A6E35}.Release|emscripten.ActiveCfg = Release|Win32
		{D353D7F2-B610-486E-B37F-EAC38F0A6E35}.Release|emscripten.Build.0 = Release|Win32
		{D353D7F2-B610-486E-B37F-EAC38F0A6E35}.Release|x64.ActiveCfg = Release|x64
		{D353D7F2-B610-486E-B37F-EAC38F0A6E35}.Release|x64.Build.0 = Release|x64
		{D353D7F2-B610-486E-B37F-EAC38F0A6E35}.Release|x86.ActiveCfg = Release|Win32
		{D353D7F2-B610-486E-B37F-EAC38F0A6E35}.Release|x86.Build.0 = Release|Win32
		{A77E1D7E-81A0-4E0C-B963-5A566637F0CF}.Debug|ARM.ActiveCfg = Debug|ARM
		{A77E1D7E-81A0-4E0C-B963-5A566637F0CF}.Debug|ARM.Build.0 = Debug|ARM
		{A77E1D7E-81A0-4E0C-B963-5A566637F0CF}.Debug|ARM.Deploy.0 = Debug|ARM
		{A77E1D7E-81A0-4E0C-B963-5A566637F0CF}.Debug|ARM64.ActiveCfg = Debug|ARM64
		{A77E1D7E-81A0-4E0C-B963-5A566637F0CF}.Debug|ARM64.Build.0 = Debug|ARM64
		{A77E1D7E-81A0-4E0C-B963-5A566637F0CF}.Debug|ARM64.Deploy.0 = Debug|ARM64
		{A77E1D7E-81A0-4E0C-B963-5A566637F0CF}.Debug|emscripten.ActiveCfg = Debug|x64
		{A77E1D7E-81A0-4E0C-B963-5A566637F0CF}.Debug|emscripten.Build.0 = Debug|x64
		{A77E1D7E-81A0-4E0C-B963-5A566637F0CF}.Debug|emscripten.Deploy.0 = Debug|x64
		{A77E1D7E-81A0-4E0C-B963-5A566637F0CF}.Debug|x64.ActiveCfg = Debug|x64
		{A77E1D7E-81A0-4E0C-B963-5A566637F0CF}.Debug|x64.Build.0 = Debug|x64
		{A77E1D7E-81A0-4E0C-B963-5A566637F0CF}.Debug|x64.Deploy.0 = Debug|x64
		{A77E1D7E-81A0-4E0C-B963-5A566637F0CF}.Debug|x86.ActiveCfg = Debug|x86
		{A77E1D7E-81A0-4E0C-B963-5A566637F0CF}.Debug|x86.Build.0 = Debug|x86
		{A77E1D7E-81A0-4E0C-B963-5A566637F0CF}.Debug|x86.Deploy.0 = Debug|x86
		{A77E1D7E-81A0-4E0C-B963-5A566637F0CF}.Distribution|ARM.ActiveCfg = Distribution|ARM
		{A77E1D7E-81A0-4E0C-B963-5A566637F0CF}.Distribution|ARM.Build.0 = Distribution|ARM
		{A77E1D7E-81A0-4E0C-B963-5A566637F0CF}.Distribution|ARM.Deploy.0 = Distribution|ARM
		{A77E1D7E-81A0-4E0C-B963-5A566637F0CF}.Distribution|ARM64.ActiveCfg = Distribution|ARM64
		{A77E1D7E-81A0-4E0C-B963-5A566637F0CF}.Distribution|ARM64.Build.0 = Distribution|ARM64
		{A77E1D7E-81A0-4E0C-B963-5A566637F0CF}.Distribution|ARM64.Deploy.0 = Distribution|ARM64
		{A77E1D7E-81A0-4E0C-B963-5A566637F0CF}.Distribution|emscripten.ActiveCfg = Distribution|x64
		{A77E1D7E-81A0-4E0C-B963-5A566637F0CF}.Distribution|emscripten.Build.0 = Distribution|x64
		{A77E1D7E-81A0-4E0C-B963-5A566637F0CF}.Distribution|emscripten.Deploy.0 = Distribution|x64
		{A77E1D7E-81A0-4E0C-B963-5A566637F0CF}.Distribution|x64.ActiveCfg = Distribution|x64
		{A77E1D7E-81A0-4E0C-B963-5A566637F0CF}.Distribution|x64.Build.0 = Distribution|x64
		{A77E1D7E-81A0-4E0C-B963-5A566637F0CF}.Distribution|x64.Deploy.0 = Distribution|x64
		{A77E1D7E-81A0-4E0C-B963-5A566637F0CF}.Distribution|x86.ActiveCfg = Distribution|x86
		{A77E1D7E-81A0-4E0C-B963-5A566637F0CF}.Distribution|x86.Build.0 = Distribution|x86
		{A77E1D7E-81A0-4E0C-B963-5A566637F0CF}.Distribution|x86.Deploy.0 = Distribution|x86
		{A77E1D7E-81A0-4E0C-B963-5A566637F0CF}.emscripten|ARM.ActiveCfg = Debug|ARM
		{A77E1D7E-81A0-4E0C-B963-5A566637F0CF}.emscripten|ARM.Build.0 = Debug|ARM
		{A77E1D7E-81A0-4E0C-B963-5A566637F0CF}.emscripten|ARM.Deploy.0 = Debug|ARM
		{A77E1D7E-81A0-4E0C-B963-5A566637F0CF}.emscripten|ARM64.ActiveCfg = Debug|ARM64
		{A77E1D7E-81A0-4E0C-B963-5A566637F0CF}.emscripten|ARM64.Build.0 = Debug|ARM64
		{A77E1D7E-81A0-4E0C-B963-5A566637F0CF}.emscripten|ARM64.Deploy.0 = Debug|ARM64
		{A77E1D7E-81A0-4E0C-B963-5A566637F0CF}.emscripten|emscripten.ActiveCfg = Debug|x64
		{A77E1D7E-81A0-4E0C-B963-5A566637F0CF}.emscripten|emscripten.Build.0 = Debug|x64
		{A77E1D7E-81A0-4E0C-B963-5A566637F0CF}.emscripten|emscripten.Deploy.0 = Debug|x64
		{A77E1D7E-81A0-4E0C-B963-5A566637F0CF}.emscripten|x64.ActiveCfg = Debug|x64
		{A77E1D7E-81A0-4E0C-B963-5A566637F0CF}.emscripten|x64.Build.0 = Debug|x64
		{A77E1D7E-81A0-4E0C-B963-5A566637F0CF}.emscripten|x64.Deploy.0 = Debug|x64
		{A77E1D7E-81A0-4E0C-B963-5A566637F0CF}.emscripten|x86.ActiveCfg = Debug|x86
		{A77E1D7E-81A0-4E0C-B963-5A566637F0CF}.emscripten|x86.Build.0 = Debug|x86
		{A77E1D7E-81A0-4E0C-B963-5A566637F0CF}.emscripten|x86.Deploy.0 = Debug|x86
		{A77E1D7E-81A0-4E0C-B963-5A566637F0CF}.Release|ARM.ActiveCfg = Release|ARM
		{A77E1D7E-81A0-4E0C-B963-5A566637F0CF}.Release|ARM.Build.0 = Release|ARM
		{A77E1D7E-81A0-4E0C-B963-5A566637F0CF}.Release|ARM.Deploy.0 = Release|ARM
		{A77E1D7E-81A0-4E0C-B963-5A566637F0CF}.Release|ARM64.ActiveCfg = Release|ARM64
		{A77E1D7E-81A0-4E0C-B963-5A566637F0CF}.Release|ARM64.Build.0 = Release|ARM64
		{A77E1D7E-81A0-4E0C-B963-5A566637F0CF}.Release|ARM64.Deploy.0 = Release|ARM64
		{A77E1D7E-81A0-4E0C-B963-5A566637F0CF}.Release|emscripten.ActiveCfg = Release|x64
		{A77E1D7E-81A0-4E0C-B963-5A566637F0CF}.Release|emscripten.Build.0 = Release|x64
		{A77E1D7E-81A0-4E0C-B963-5A566637F0CF}.Release|emscripten.Deploy.0 = Release|x64
		{A77E1D7E-81A0-4E0C-B963-5A566637F0CF}.Release|x64.ActiveCfg = Release|x64
		{A77E1D7E-81A0-4E0C-B963-5A566637F0CF}.Release|x64.Build.0 = Release|x64
		{A77E1D7E-81A0-4E0C-B963-5A566637F0CF}.Release|x64.Deploy.0 = Release|x64
		{A77E1D7E-81A0-4E0C-B963-5A566637F0CF}.Release|x86.ActiveCfg = Release|x86
		{A77E1D7E-81A0-4E0C-B963-5A566637F0CF}.Release|x86.Build.0 = Release|x86
		{A77E1D7E-81A0-4E0C-B963-5A566637F0CF}.Release|x86.Deploy.0 = Release|x86
		{8A221747-7EFF-4885-9B18-0261C4DBFCBB}.Debug|ARM.ActiveCfg = Debug|x64
		{8A221747-7EFF-4885-9B18-0261C4DBFCBB}.Debug|ARM.Build.0 = Debug|x64
		{8A221747-7EFF-4885-9B18-0261C4DBFCBB}.Debug|ARM64.ActiveCfg = Debug|x64
		{8A221747-7EFF-4885-9B18-0261C4DBFCBB}.Debug|ARM64.Build.0 = Debug|x64
		{8A221747-7EFF-4885-9B18-0261C4DBFCBB}.Debug|emscripten.ActiveCfg = Debug|x64
		{8A221747-7EFF-4885-9B18-0261C4DBFCBB}.Debug|emscripten.Build.0 = Debug|x64
		{8A221747-7EFF-4885-9B18-0261C4DBFCBB}.Debug|x64.ActiveCfg = Debug|x64
		{8A221747-7EFF-4885-9B18-0261C4DBFCBB}.Debug|x64.Build.0 = Debug|x64
		{8A221747-7EFF-4885-9B18-0261C4DBFCBB}.Debug|x86.ActiveCfg = Debug|Win32
		{8A221747-7EFF-4885-9B18-0261C4DBFCBB}.Debug|x86.Build.0 = Debug|Win32
		{8A221747-7EFF-4885-9B18-0261C4DBFCBB}.Distribution|ARM.ActiveCfg = Distribution|x64
		{8A221747-7EFF-4885-9B18-0261C4DBFCBB}.Distribution|ARM.Build.0 = Distribution|x64
		{8A221747-7EFF-4885-9B18-0261C4DBFCBB}.Distribution|ARM64.ActiveCfg = Distribution|x64
		{8A221747-7EFF-4885-9B18-0261C4DBFCBB}.Distribution|ARM64.Build.0 = Distribution|x64
		{8A221747-7EFF-4885-9B18-0261C4DBFCBB}.Distribution|emscripten.ActiveCfg = Distribution|x64
		{8A221747-7EFF-4885-9B18-0261C4DBFCBB}.Distribution|emscripten.Build.0 = Distribution|x64
		{8A221747-7EFF-4885-9B18-0261C4DBFCBB}.Distribution|x64.ActiveCfg = Distribution|x64
		{8A221747-7EFF-4885-9B18-0261C4DBFCBB}.Distribution|x64.Build.0 = Distribution|x64
		{8A221747-7EFF-4885-9B18-0261C4DBFCBB}.Distribution|x86.ActiveCfg = Distribution|Win32
		{8A221747-7EFF-4885-9B18-0261C4DBFCBB}.Distribution|x86.Build.0 = Distribution|Win32
		{8A221747-7EFF-4885-9B18-0261C4DBFCBB}.emscripten|ARM.ActiveCfg = emscripten|x64
		{8A221747-7EFF-4885-9B18-0261C4DBFCBB}.emscripten|ARM.Build.0 = emscripten|x64
		{8A221747-7EFF-4885-9B18-0261C4DBFCBB}.emscripten|ARM64.ActiveCfg = emscripten|x64
		{8A221747-7EFF-4885-9B18-0261C4DBFCBB}.emscripten|ARM64.Build.0 = emscripten|x64
		{8A221747-7EFF-4885-9B18-0261C4DBFCBB}.emscripten|emscripten.ActiveCfg = emscripten|x64
		{8A221747-7EFF-4885-9B18-0261C4DBFCBB}.emscripten|emscripten.Build.0 = emscripten|x64
		{8A221747-7EFF-4885-9B18-0261C4DBFCBB}.emscripten|x64.ActiveCfg = emscripten|x64
		{8A221747-7EFF-4885-9B18-0261C4DBFCBB}.emscripten|x64.Build.0 = emscripten|x64
		{8A221747-7EFF-4885-9B18-0261C4DBFCBB}.emscripten|x86.ActiveCfg = emscripten|Win32
		{8A221747-7EFF-4885-9B18-0261C4DBFCBB}.emscripten|x86.Build.0 = emscripten|Win32
		{8A221747-7EFF-4885-9B18-0261C4DBFCBB}.Release|ARM.ActiveCfg = Release|x64
		{8A221747-7EFF-4885-9B18-0261C4DBFCBB}.Release|ARM.Build.0 = Release|x64
		{8A221747-7EFF-4885-9B18-0261C4DBFCBB}.Release|ARM64.ActiveCfg = Release|x64
		{8A221747-7EFF-4885-9B18-0261C4DBFCBB}.Release|ARM64.Build.0 = Release|x64
		{8A221747-7EFF-4885-9B18-0261C4DBFCBB}.Release|emscripten.ActiveCfg = Release|x64
		{8A221747-7EFF-4885-9B18-0261C4DBFCBB}.Release|emscripten.Build.0 = Release|x64
		{8A221747-7EFF-4885-9B18-0261C4DBFCBB}.Release|x64.ActiveCfg = Release|x64
		{8A221747-7EFF-4885-9B18-0261C4DBFCBB}.Release|x64.Build.0 = Release|x64
		{8A221747-7EFF-4885-9B18-0261C4DBFCBB}.Release|x86.ActiveCfg = Release|Win32
		{8A221747-7EFF-4885-9B18-0261C4DBFCBB}.Release|x86.Build.0 = Release|Win32
		{029B5570-C768-4DB7-824C-63AE28885DF3}.Debug|ARM.ActiveCfg = Debug|Any CPU
		{029B5570-C768-4DB7-824C-63AE28885DF3}.Debug|ARM.Build.0 = Debug|Any CPU
		{029B5570-C768-4DB7-824C-63AE28885DF3}.Debug|ARM.Deploy.0 = Debug|Any CPU
		{029B5570-C768-4DB7-824C-63AE28885DF3}.Debug|ARM64.ActiveCfg = Debug|Any CPU
		{029B5570-C768-4DB7-824C-63AE28885DF3}.Debug|ARM64.Build.0 = Debug|Any CPU
		{029B5570-C768-4DB7-824C-63AE28885DF3}.Debug|emscripten.ActiveCfg = Debug|Any CPU
		{029B5570-C768-4DB7-824C-63AE28885DF3}.Debug|emscripten.Build.0 = Debug|Any CPU
		{029B5570-C768-4DB7-824C-63AE28885DF3}.Debug|x64.ActiveCfg = Debug|Any CPU
		{029B5570-C768-4DB7-824C-63AE28885DF3}.Debug|x64.Build.0 = Debug|Any CPU
		{029B5570-C768-4DB7-824C-63AE28885DF3}.Debug|x64.Deploy.0 = Debug|Any CPU
		{029B5570-C768-4DB7-824C-63AE28885DF3}.Debug|x86.ActiveCfg = Debug|Any CPU
		{029B5570-C768-4DB7-824C-63AE28885DF3}.Debug|x86.Build.0 = Debug|Any CPU
		{029B5570-C768-4DB7-824C-63AE28885DF3}.Distribution|ARM.ActiveCfg = Distribution|Any CPU
		{029B5570-C768-4DB7-824C-63AE28885DF3}.Distribution|ARM.Build.0 = Distribution|Any CPU
		{029B5570-C768-4DB7-824C-63AE28885DF3}.Distribution|ARM64.ActiveCfg = Distribution|Any CPU
		{029B5570-C768-4DB7-824C-63AE28885DF3}.Distribution|ARM64.Build.0 = Distribution|Any CPU
		{029B5570-C768-4DB7-824C-63AE28885DF3}.Distribution|emscripten.ActiveCfg = Distribution|Any CPU
		{029B5570-C768-4DB7-824C-63AE28885DF3}.Distribution|emscripten.Build.0 = Distribution|Any CPU
		{029B5570-C768-4DB7-824C-63AE28885DF3}.Distribution|x64.ActiveCfg = Distribution|Any CPU
		{029B5570-C768-4DB7-824C-63AE28885DF3}.Distribution|x64.Build.0 = Distribution|Any CPU
		{029B5570-C768-4DB7-824C-63AE28885DF3}.Distribution|x64.Deploy.0 = Distribution|Any CPU
		{029B5570-C768-4DB7-824C-63AE28885DF3}.Distribution|x86.ActiveCfg = Distribution|Any CPU
		{029B5570-C768-4DB7-824C-63AE28885DF3}.Distribution|x86.Build.0 = Distribution|Any CPU
		{029B5570-C768-4DB7-824C-63AE28885DF3}.emscripten|ARM.ActiveCfg = Release|Any CPU
		{029B5570-C768-4DB7-824C-63AE28885DF3}.emscripten|ARM.Build.0 = Release|Any CPU
		{029B5570-C768-4DB7-824C-63AE28885DF3}.emscripten|ARM64.ActiveCfg = Release|Any CPU
		{029B5570-C768-4DB7-824C-63AE28885DF3}.emscripten|ARM64.Build.0 = Release|Any CPU
		{029B5570-C768-4DB7-824C-63AE28885DF3}.emscripten|emscripten.ActiveCfg = Release|Any CPU
		{029B5570-C768-4DB7-824C-63AE28885DF3}.emscripten|emscripten.Build.0 = Release|Any CPU
		{029B5570-C768-4DB7-824C-63AE28885DF3}.emscripten|x64.ActiveCfg = Release|Any CPU
		{029B5570-C768-4DB7-824C-63AE28885DF3}.emscripten|x64.Build.0 = Release|Any CPU
		{029B5570-C768-4DB7-824C-63AE28885DF3}.emscripten|x86.ActiveCfg = Release|Any CPU
		{029B5570-C768-4DB7-824C-63AE28885DF3}.emscripten|x86.Build.0 = Release|Any CPU
		{029B5570-C768-4DB7-824C-63AE28885DF3}.Release|ARM.ActiveCfg = Release|Any CPU
		{029B5570-C768-4DB7-824C-63AE28885DF3}.Release|ARM.Build.0 = Release|Any CPU
		{029B5570-C768-4DB7-824C-63AE28885DF3}.Release|ARM64.ActiveCfg = Release|Any CPU
		{029B5570-C768-4DB7-824C-63AE28885DF3}.Release|ARM64.Build.0 = Release|Any CPU
		{029B5570-C768-4DB7-824C-63AE28885DF3}.Release|emscripten.ActiveCfg = Release|Any CPU
		{029B5570-C768-4DB7-824C-63AE28885DF3}.Release|emscripten.Build.0 = Release|Any CPU
		{029B5570-C768-4DB7-824C-63AE28885DF3}.Release|x64.ActiveCfg = Release|Any CPU
		{029B5570-C768-4DB7-824C-63AE28885DF3}.Release|x64.Build.0 = Release|Any CPU
		{029B5570-C768-4DB7-824C-63AE28885DF3}.Release|x64.Deploy.0 = Release|Any CPU
		{029B5570-C768-4DB7-824C-63AE28885DF3}.Release|x86.ActiveCfg = Release|Any CPU
		{029B5570-C768-4DB7-824C-63AE28885DF3}.Release|x86.Build.0 = Release|Any CPU
		{20812A9D-5CE8-485F-8814-7499BCB5FB04}.Debug|ARM.ActiveCfg = Debug|x64
		{20812A9D-5CE8-485F-8814-7499BCB5FB04}.Debug|ARM.Build.0 = Debug|x64
		{20812A9D-5CE8-485F-8814-7499BCB5FB04}.Debug|ARM64.ActiveCfg = Debug|x64
		{20812A9D-5CE8-485F-8814-7499BCB5FB04}.Debug|ARM64.Build.0 = Debug|x64
		{20812A9D-5CE8-485F-8814-7499BCB5FB04}.Debug|emscripten.ActiveCfg = Debug|x64
		{20812A9D-5CE8-485F-8814-7499BCB5FB04}.Debug|emscripten.Build.0 = Debug|x64
		{20812A9D-5CE8-485F-8814-7499BCB5FB04}.Debug|x64.ActiveCfg = Debug|x64
		{20812A9D-5CE8-485F-8814-7499BCB5FB04}.Debug|x64.Build.0 = Debug|x64
		{20812A9D-5CE8-485F-8814-7499BCB5FB04}.Debug|x86.ActiveCfg = Debug|Win32
		{20812A9D-5CE8-485F-8814-7499BCB5FB04}.Debug|x86.Build.0 = Debug|Win32
		{20812A9D-5CE8-485F-8814-7499BCB5FB04}.Distribution|ARM.ActiveCfg = Distribution|x64
		{20812A9D-5CE8-485F-8814-7499BCB5FB04}.Distribution|ARM.Build.0 = Distribution|x64
		{20812A9D-5CE8-485F-8814-7499BCB5FB04}.Distribution|ARM64.ActiveCfg = Distribution|x64
		{20812A9D-5CE8-485F-8814-7499BCB5FB04}.Distribution|ARM64.Build.0 = Distribution|x64
		{20812A9D-5CE8-485F-8814-7499BCB5FB04}.Distribution|emscripten.ActiveCfg = Distribution|x64
		{20812A9D-5CE8-485F-8814-7499BCB5FB04}.Distribution|emscripten.Build.0 = Distribution|x64
		{20812A9D-5CE8-485F-8814-7499BCB5FB04}.Distribution|x64.ActiveCfg = Distribution|x64
		{20812A9D-5CE8-485F-8814-7499BCB5FB04}.Distribution|x64.Build.0 = Distribution|x64
		{20812A9D-5CE8-485F-8814-7499BCB5FB04}.Distribution|x86.ActiveCfg = Distribution|Win32
		{20812A9D-5CE8-485F-8814-7499BCB5FB04}.Distribution|x86.Build.0 = Distribution|Win32
		{20812A9D-5CE8-485F-8814-7499BCB5FB04}.emscripten|ARM.ActiveCfg = emscripten|x64
		{20812A9D-5CE8-485F-8814-7499BCB5FB04}.emscripten|ARM.Build.0 = emscripten|x64
		{20812A9D-5CE8-485F-8814-7499BCB5FB04}.emscripten|ARM64.ActiveCfg = emscripten|x64
		{20812A9D-5CE8-485F-8814-7499BCB5FB04}.emscripten|ARM64.Build.0 = emscripten|x64
		{20812A9D-5CE8-485F-8814-7499BCB5FB04}.emscripten|emscripten.ActiveCfg = emscripten|x64
		{20812A9D-5CE8-485F-8814-7499BCB5FB04}.emscripten|emscripten.Build.0 = emscripten|x64
		{20812A9D-5CE8-485F-8814-7499BCB5FB04}.emscripten|x64.ActiveCfg = emscripten|x64
		{20812A9D-5CE8-485F-8814-7499BCB5FB04}.emscripten|x64.Build.0 = emscripten|x64
		{20812A9D-5CE8-485F-8814-7499BCB5FB04}.emscripten|x86.ActiveCfg = emscripten|Win32
		{20812A9D-5CE8-485F-8814-7499BCB5FB04}.emscripten|x86.Build.0 = emscripten|Win32
		{20812A9D-5CE8-485F-8814-7499BCB5FB04}.Release|ARM.ActiveCfg = Release|x64
		{20812A9D-5CE8-485F-8814-7499BCB5FB04}.Release|ARM.Build.0 = Release|x64
		{20812A9D-5CE8-485F-8814-7499BCB5FB04}.Release|ARM64.ActiveCfg = Release|x64
		{20812A9D-5CE8-485F-8814-7499BCB5FB04}.Release|ARM64.Build.0 = Release|x64
		{20812A9D-5CE8-485F-8814-7499BCB5FB04}.Release|emscripten.ActiveCfg = Release|x64
		{20812A9D-5CE8-485F-8814-7499BCB5FB04}.Release|emscripten.Build.0 = Release|x64
		{20812A9D-5CE8-485F-8814-7499BCB5FB04}.Release|x64.ActiveCfg = Release|x64
		{20812A9D-5CE8-485F-8814-7499BCB5FB04}.Release|x64.Build.0 = Release|x64
		{20812A9D-5CE8-485F-8814-7499BCB5FB04}.Release|x86.ActiveCfg = Release|Win32
		{20812A9D-5CE8-485F-8814-7499BCB5FB04}.Release|x86.Build.0 = Release|Win32
		{00B429CD-9A0D-46D6-AAFA-1CD1482945E4}.Debug|ARM.ActiveCfg = Debug|x64
		{00B429CD-9A0D-46D6-AAFA-1CD1482945E4}.Debug|ARM.Build.0 = Debug|x64
		{00B429CD-9A0D-46D6-AAFA-1CD1482945E4}.Debug|ARM64.ActiveCfg = Debug|x64
		{00B429CD-9A0D-46D6-AAFA-1CD1482945E4}.Debug|ARM64.Build.0 = Debug|x64
		{00B429CD-9A0D-46D6-AAFA-1CD1482945E4}.Debug|emscripten.ActiveCfg = Debug|x64
		{00B429CD-9A0D-46D6-AAFA-1CD1482945E4}.Debug|emscripten.Build.0 = Debug|x64
		{00B429CD-9A0D-46D6-AAFA-1CD1482945E4}.Debug|x64.ActiveCfg = Debug|x64
		{00B429CD-9A0D-46D6-AAFA-1CD1482945E4}.Debug|x64.Build.0 = Debug|x64
		{00B429CD-9A0D-46D6-AAFA-1CD1482945E4}.Debug|x86.ActiveCfg = Debug|Win32
		{00B429CD-9A0D-46D6-AAFA-1CD1482945E4}.Debug|x86.Build.0 = Debug|Win32
		{00B429CD-9A0D-46D6-AAFA-1CD1482945E4}.Distribution|ARM.ActiveCfg = Release|x64
		{00B429CD-9A0D-46D6-AAFA-1CD1482945E4}.Distribution|ARM64.ActiveCfg = Release|x64
		{00B429CD-9A0D-46D6-AAFA-1CD1482945E4}.Distribution|emscripten.ActiveCfg = Release|x64
		{00B429CD-9A0D-46D6-AAFA-1CD1482945E4}.Distribution|x64.ActiveCfg = Release|x64
		{00B429CD-9A0D-46D6-AAFA-1CD1482945E4}.Distribution|x86.ActiveCfg = Release|Win32
		{00B429CD-9A0D-46D6-AAFA-1CD1482945E4}.emscripten|ARM.ActiveCfg = emscripten|x64
		{00B429CD-9A0D-46D6-AAFA-1CD1482945E4}.emscripten|ARM.Build.0 = emscripten|x64
		{00B429CD-9A0D-46D6-AAFA-1CD1482945E4}.emscripten|ARM64.ActiveCfg = emscripten|x64
		{00B429CD-9A0D-46D6-AAFA-1CD1482945E4}.emscripten|ARM64.Build.0 = emscripten|x64
		{00B429CD-9A0D-46D6-AAFA-1CD1482945E4}.emscripten|emscripten.ActiveCfg = emscripten|x64
		{00B429CD-9A0D-46D6-AAFA-1CD1482945E4}.emscripten|emscripten.Build.0 = emscripten|x64
		{00B429CD-9A0D-46D6-AAFA-1CD1482945E4}.emscripten|x64.ActiveCfg = emscripten|x64
		{00B429CD-9A0D-46D6-AAFA-1CD1482945E4}.emscripten|x64.Build.0 = emscripten|x64
		{00B429CD-9A0D-46D6-AAFA-1CD1482945E4}.emscripten|x86.ActiveCfg = emscripten|Win32
		{00B429CD-9A0D-46D6-AAFA-1CD1482945E4}.emscripten|x86.Build.0 = emscripten|Win32
		{00B429CD-9A0D-46D6-AAFA-1CD1482945E4}.Release|ARM.ActiveCfg = Release|x64
		{00B429CD-9A0D-46D6-AAFA-1CD1482945E4}.Release|ARM.Build.0 = Release|x64
		{00B429CD-9A0D-46D6-AAFA-1CD1482945E4}.Release|ARM64.ActiveCfg = Release|x64
		{00B429CD-9A0D-46D6-AAFA-1CD1482945E4}.Release|ARM64.Build.0 = Release|x64
		{00B429CD-9A0D-46D6-AAFA-1CD1482945E4}.Release|emscripten.ActiveCfg = Release|x64
		{00B429CD-9A0D-46D6-AAFA-1CD1482945E4}.Release|emscripten.Build.0 = Release|x64
		{00B429CD-9A0D-46D6-AAFA-1CD1482945E4}.Release|x64.ActiveCfg = Release|x64
		{00B429CD-9A0D-46D6-AAFA-1CD1482945E4}.Release|x64.Build.0 = Release|x64
		{00B429CD-9A0D-46D6-AAFA-1CD1482945E4}.Release|x86.ActiveCfg = Release|Win32
		{00B429CD-9A0D-46D6-AAFA-1CD1482945E4}.Release|x86.Build.0 = Release|Win32
		{3BD78C5F-B098-43B8-9AEF-3412147A2B82}.Debug|ARM.ActiveCfg = Debug|x64
		{3BD78C5F-B098-43B8-9AEF-3412147A2B82}.Debug|ARM.Build.0 = Debug|x64
		{3BD78C5F-B098-43B8-9AEF-3412147A2B82}.Debug|ARM64.ActiveCfg = Debug|x64
		{3BD78C5F-B098-43B8-9AEF-3412147A2B82}.Debug|ARM64.Build.0 = Debug|x64
		{3BD78C5F-B098-43B8-9AEF-3412147A2B82}.Debug|emscripten.ActiveCfg = Debug|x64
		{3BD78C5F-B098-43B8-9AEF-3412147A2B82}.Debug|emscripten.Build.0 = Debug|x64
		{3BD78C5F-B098-43B8-9AEF-3412147A2B82}.Debug|x64.ActiveCfg = Debug|x64
		{3BD78C5F-B098-43B8-9AEF-3412147A2B82}.Debug|x64.Build.0 = Debug|x64
		{3BD78C5F-B098-43B8-9AEF-3412147A2B82}.Debug|x86.ActiveCfg = Debug|Win32
		{3BD78C5F-B098-43B8-9AEF-3412147A2B82}.Debug|x86.Build.0 = Debug|Win32
		{3BD78C5F-B098-43B8-9AEF-3412147A2B82}.Distribution|ARM.ActiveCfg = Distribution|x64
		{3BD78C5F-B098-43B8-9AEF-3412147A2B82}.Distribution|ARM.Build.0 = Distribution|x64
		{3BD78C5F-B098-43B8-9AEF-3412147A2B82}.Distribution|ARM64.ActiveCfg = Distribution|x64
		{3BD78C5F-B098-43B8-9AEF-3412147A2B82}.Distribution|ARM64.Build.0 = Distribution|x64
		{3BD78C5F-B098-43B8-9AEF-3412147A2B82}.Distribution|emscripten.ActiveCfg = Distribution|x64
		{3BD78C5F-B098-43B8-9AEF-3412147A2B82}.Distribution|emscripten.Build.0 = Distribution|x64
		{3BD78C5F-B098-43B8-9AEF-3412147A2B82}.Distribution|x64.ActiveCfg = Distribution|x64
		{3BD78C5F-B098-43B8-9AEF-3412147A2B82}.Distribution|x64.Build.0 = Distribution|x64
		{3BD78C5F-B098-43B8-9AEF-3412147A2B82}.Distribution|x86.ActiveCfg = Distribution|Win32
		{3BD78C5F-B098-43B8-9AEF-3412147A2B82}.Distribution|x86.Build.0 = Distribution|Win32
		{3BD78C5F-B098-43B8-9AEF-3412147A2B82}.emscripten|ARM.ActiveCfg = Release|x64
		{3BD78C5F-B098-43B8-9AEF-3412147A2B82}.emscripten|ARM.Build.0 = Release|x64
		{3BD78C5F-B098-43B8-9AEF-3412147A2B82}.emscripten|ARM64.ActiveCfg = Release|x64
		{3BD78C5F-B098-43B8-9AEF-3412147A2B82}.emscripten|ARM64.Build.0 = Release|x64
		{3BD78C5F-B098-43B8-9AEF-3412147A2B82}.emscripten|emscripten.ActiveCfg = Release|x64
		{3BD78C5F-B098-43B8-9AEF-3412147A2B82}.emscripten|emscripten.Build.0 = Release|x64
		{3BD78C5F-B098-43B8-9AEF-3412147A2B82}.emscripten|x64.ActiveCfg = Release|x64
		{3BD78C5F-B098-43B8-9AEF-3412147A2B82}.emscripten|x64.Build.0 = Release|x64
		{3BD78C5F-B098-43B8-9AEF-3412147A2B82}.emscripten|x86.ActiveCfg = Release|Win32
		{3BD78C5F-B098-43B8-9AEF-3412147A2B82}.emscripten|x86.Build.0 = Release|Win32
		{3BD78C5F-B098-43B8-9AEF-3412147A2B82}.Release|ARM.ActiveCfg = Release|x64
		{3BD78C5F-B098-43B8-9AEF-3412147A2B82}.Release|ARM.Build.0 = Release|x64
		{3BD78C5F-B098-43B8-9AEF-3412147A2B82}.Release|ARM64.ActiveCfg = Release|x64
		{3BD78C5F-B098-43B8-9AEF-3412147A2B82}.Release|ARM64.Build.0 = Release|x64
		{3BD78C5F-B098-43B8-9AEF-3412147A2B82}.Release|emscripten.ActiveCfg = Release|x64
		{3BD78C5F-B098-43B8-9AEF-3412147A2B82}.Release|emscripten.Build.0 = Release|x64
		{3BD78C5F-B098-43B8-9AEF-3412147A2B82}.Release|x64.ActiveCfg = Release|x64
		{3BD78C5F-B098-43B8-9AEF-3412147A2B82}.Release|x64.Build.0 = Release|x64
		{3BD78C5F-B098-43B8-9AEF-3412147A2B82}.Release|x86.ActiveCfg = Release|Win32
		{3BD78C5F-B098-43B8-9AEF-3412147A2B82}.Release|x86.Build.0 = Release|Win32
		{C94F75E0-B8B9-4070-A187-38067EC62EB1}.Debug|ARM.ActiveCfg = Debug|Any CPU
		{C94F75E0-B8B9-4070-A187-38067EC62EB1}.Debug|ARM.Build.0 = Debug|Any CPU
		{C94F75E0-B8B9-4070-A187-38067EC62EB1}.Debug|ARM64.ActiveCfg = Debug|Any CPU
		{C94F75E0-B8B9-4070-A187-38067EC62EB1}.Debug|ARM64.Build.0 = Debug|Any CPU
		{C94F75E0-B8B9-4070-A187-38067EC62EB1}.Debug|emscripten.ActiveCfg = Debug|Any CPU
		{C94F75E0-B8B9-4070-A187-38067EC62EB1}.Debug|emscripten.Build.0 = Debug|Any CPU
		{C94F75E0-B8B9-4070-A187-38067EC62EB1}.Debug|x64.ActiveCfg = Debug|Any CPU
		{C94F75E0-B8B9-4070-A187-38067EC62EB1}.Debug|x64.Build.0 = Debug|Any CPU
		{C94F75E0-B8B9-4070-A187-38067EC62EB1}.Debug|x86.ActiveCfg = Debug|Any CPU
		{C94F75E0-B8B9-4070-A187-38067EC62EB1}.Debug|x86.Build.0 = Debug|Any CPU
		{C94F75E0-B8B9-4070-A187-38067EC62EB1}.Distribution|ARM.ActiveCfg = Release|Any CPU
		{C94F75E0-B8B9-4070-A187-38067EC62EB1}.Distribution|ARM.Build.0 = Release|Any CPU
		{C94F75E0-B8B9-4070-A187-38067EC62EB1}.Distribution|ARM64.ActiveCfg = Release|Any CPU
		{C94F75E0-B8B9-4070-A187-38067EC62EB1}.Distribution|ARM64.Build.0 = Release|Any CPU
		{C94F75E0-B8B9-4070-A187-38067EC62EB1}.Distribution|emscripten.ActiveCfg = Release|Any CPU
		{C94F75E0-B8B9-4070-A187-38067EC62EB1}.Distribution|emscripten.Build.0 = Release|Any CPU
		{C94F75E0-B8B9-4070-A187-38067EC62EB1}.Distribution|x64.ActiveCfg = Release|Any CPU
		{C94F75E0-B8B9-4070-A187-38067EC62EB1}.Distribution|x64.Build.0 = Release|Any CPU
		{C94F75E0-B8B9-4070-A187-38067EC62EB1}.Distribution|x86.ActiveCfg = Release|Any CPU
		{C94F75E0-B8B9-4070-A187-38067EC62EB1}.Distribution|x86.Build.0 = Release|Any CPU
		{C94F75E0-B8B9-4070-A187-38067EC62EB1}.emscripten|ARM.ActiveCfg = Release|Any CPU
		{C94F75E0-B8B9-4070-A187-38067EC62EB1}.emscripten|ARM.Build.0 = Release|Any CPU
		{C94F75E0-B8B9-4070-A187-38067EC62EB1}.emscripten|ARM64.ActiveCfg = Release|Any CPU
		{C94F75E0-B8B9-4070-A187-38067EC62EB1}.emscripten|ARM64.Build.0 = Release|Any CPU
		{C94F75E0-B8B9-4070-A187-38067EC62EB1}.emscripten|emscripten.ActiveCfg = Release|Any CPU
		{C94F75E0-B8B9-4070-A187-38067EC62EB1}.emscripten|emscripten.Build.0 = Release|Any CPU
		{C94F75E0-B8B9-4070-A187-38067EC62EB1}.emscripten|x64.ActiveCfg = Release|Any CPU
		{C94F75E0-B8B9-4070-A187-38067EC62EB1}.emscripten|x64.Build.0 = Release|Any CPU
		{C94F75E0-B8B9-4070-A187-38067EC62EB1}.emscripten|x86.ActiveCfg = Release|Any CPU
		{C94F75E0-B8B9-4070-A187-38067EC62EB1}.emscripten|x86.Build.0 = Release|Any CPU
		{C94F75E0-B8B9-4070-A187-38067EC62EB1}.Release|ARM.ActiveCfg = Release|Any CPU
		{C94F75E0-B8B9-4070-A187-38067EC62EB1}.Release|ARM.Build.0 = Release|Any CPU
		{C94F75E0-B8B9-4070-A187-38067EC62EB1}.Release|ARM64.ActiveCfg = Release|Any CPU
		{C94F75E0-B8B9-4070-A187-38067EC62EB1}.Release|ARM64.Build.0 = Release|Any CPU
		{C94F75E0-B8B9-4070-A187-38067EC62EB1}.Release|emscripten.ActiveCfg = Release|Any CPU
		{C94F75E0-B8B9-4070-A187-38067EC62EB1}.Release|emscripten.Build.0 = Release|Any CPU
		{C94F75E0-B8B9-4070-A187-38067EC62EB1}.Release|x64.ActiveCfg = Release|Any CPU
		{C94F75E0-B8B9-4070-A187-38067EC62EB1}.Release|x64.Build.0 = Release|Any CPU
		{C94F75E0-B8B9-4070-A187-38067EC62EB1}.Release|x86.ActiveCfg = Release|Any CPU
		{C94F75E0-B8B9-4070-A187-38067EC62EB1}.Release|x86.Build.0 = Release|Any CPU
		{937F05C3-5DAE-A20C-5EA5-252EE1DCEDC9}.Debug|ARM.ActiveCfg = Debug|Any CPU
		{937F05C3-5DAE-A20C-5EA5-252EE1DCEDC9}.Debug|ARM.Build.0 = Debug|Any CPU
		{937F05C3-5DAE-A20C-5EA5-252EE1DCEDC9}.Debug|ARM64.ActiveCfg = Debug|Any CPU
		{937F05C3-5DAE-A20C-5EA5-252EE1DCEDC9}.Debug|ARM64.Build.0 = Debug|Any CPU
		{937F05C3-5DAE-A20C-5EA5-252EE1DCEDC9}.Debug|emscripten.ActiveCfg = Debug|Any CPU
		{937F05C3-5DAE-A20C-5EA5-252EE1DCEDC9}.Debug|emscripten.Build.0 = Debug|Any CPU
		{937F05C3-5DAE-A20C-5EA5-252EE1DCEDC9}.Debug|x64.ActiveCfg = Debug|Any CPU
		{937F05C3-5DAE-A20C-5EA5-252EE1DCEDC9}.Debug|x64.Build.0 = Debug|Any CPU
		{937F05C3-5DAE-A20C-5EA5-252EE1DCEDC9}.Debug|x86.ActiveCfg = Debug|Any CPU
		{937F05C3-5DAE-A20C-5EA5-252EE1DCEDC9}.Debug|x86.Build.0 = Debug|Any CPU
		{937F05C3-5DAE-A20C-5EA5-252EE1DCEDC9}.Distribution|ARM.ActiveCfg = Release|Any CPU
		{937F05C3-5DAE-A20C-5EA5-252EE1DCEDC9}.Distribution|ARM.Build.0 = Release|Any CPU
		{937F05C3-5DAE-A20C-5EA5-252EE1DCEDC9}.Distribution|ARM64.ActiveCfg = Release|Any CPU
		{937F05C3-5DAE-A20C-5EA5-252EE1DCEDC9}.Distribution|ARM64.Build.0 = Release|Any CPU
		{937F05C3-5DAE-A20C-5EA5-252EE1DCEDC9}.Distribution|emscripten.ActiveCfg = Release|Any CPU
		{937F05C3-5DAE-A20C-5EA5-252EE1DCEDC9}.Distribution|emscripten.Build.0 = Release|Any CPU
		{937F05C3-5DAE-A20C-5EA5-252EE1DCEDC9}.Distribution|x64.ActiveCfg = Release|Any CPU
		{937F05C3-5DAE-A20C-5EA5-252EE1DCEDC9}.Distribution|x64.Build.0 = Release|Any CPU
		{937F05C3-5DAE-A20C-5EA5-252EE1DCEDC9}.Distribution|x86.ActiveCfg = Release|Any CPU
		{937F05C3-5DAE-A20C-5EA5-252EE1DCEDC9}.Distribution|x86.Build.0 = Release|Any CPU
		{937F05C3-5DAE-A20C-5EA5-252EE1DCEDC9}.emscripten|ARM.ActiveCfg = Release|Any CPU
		{937F05C3-5DAE-A20C-5EA5-252EE1DCEDC9}.emscripten|ARM.Build.0 = Release|Any CPU
		{937F05C3-5DAE-A20C-5EA5-252EE1DCEDC9}.emscripten|ARM64.ActiveCfg = Release|Any CPU
		{937F05C3-5DAE-A20C-5EA5-252EE1DCEDC9}.emscripten|ARM64.Build.0 = Release|Any CPU
		{937F05C3-5DAE-A20C-5EA5-252EE1DCEDC9}.emscripten|emscripten.ActiveCfg = Release|Any CPU
		{937F05C3-5DAE-A20C-5EA5-252EE1DCEDC9}.emscripten|emscripten.Build.0 = Release|Any CPU
		{937F05C3-5DAE-A20C-5EA5-252EE1DCEDC9}.emscripten|x64.ActiveCfg = Release|Any CPU
		{937F05C3-5DAE-A20C-5EA5-252EE1DCEDC9}.emscripten|x64.Build.0 = Release|Any CPU
		{937F05C3-5DAE-A20C-5EA5-252EE1DCEDC9}.emscripten|x86.ActiveCfg = Release|Any CPU
		{937F05C3-5DAE-A20C-5EA5-252EE1DCEDC9}.emscripten|x86.Build.0 = Release|Any CPU
		{937F05C3-5DAE-A20C-5EA5-252EE1DCEDC9}.Release|ARM.ActiveCfg = Release|Any CPU
		{937F05C3-5DAE-A20C-5EA5-252EE1DCEDC9}.Release|ARM.Build.0 = Release|Any CPU
		{937F05C3-5DAE-A20C-5EA5-252EE1DCEDC9}.Release|ARM64.ActiveCfg = Release|Any CPU
		{937F05C3-5DAE-A20C-5EA5-252EE1DCEDC9}.Release|ARM64.Build.0 = Release|Any CPU
		{937F05C3-5DAE-A20C-5EA5-252EE1DCEDC9}.Release|emscripten.ActiveCfg = Release|Any CPU
		{937F05C3-5DAE-A20C-5EA5-252EE1DCEDC9}.Release|emscripten.Build.0 = Release|Any CPU
		{937F05C3-5DAE-A20C-5EA5-252EE1DCEDC9}.Release|x64.ActiveCfg = Release|Any CPU
		{937F05C3-5DAE-A20C-5EA5-252EE1DCEDC9}.Release|x64.Build.0 = Release|Any CPU
		{937F05C3-5DAE-A20C-5EA5-252EE1DCEDC9}.Release|x86.ActiveCfg = Release|Any CPU
		{937F05C3-5DAE-A20C-5EA5-252EE1DCEDC9}.Release|x86.Build.0 = Release|Any CPU
	EndGlobalSection
	GlobalSection(SolutionProperties) = preSolution
		HideSolutionNode = FALSE
	EndGlobalSection
	GlobalSection(NestedProjects) = preSolution
		{A77E1D7E-81A0-4E0C-B963-5A566637F0CF} = {3468E4F9-0556-4EBB-86DD-4F95EB82F6FD}
		{8A221747-7EFF-4885-9B18-0261C4DBFCBB} = {AACF0D7C-6B57-4686-BAD8-226C3B4BDC07}
		{029B5570-C768-4DB7-824C-63AE28885DF3} = {3468E4F9-0556-4EBB-86DD-4F95EB82F6FD}
		{20812A9D-5CE8-485F-8814-7499BCB5FB04} = {02EA681E-C7D8-13C7-8484-4AC65E1B71E8}
		{00B429CD-9A0D-46D6-AAFA-1CD1482945E4} = {02EA681E-C7D8-13C7-8484-4AC65E1B71E8}
		{3BD78C5F-B098-43B8-9AEF-3412147A2B82} = {AACF0D7C-6B57-4686-BAD8-226C3B4BDC07}
		{C94F75E0-B8B9-4070-A187-38067EC62EB1} = {AACF0D7C-6B57-4686-BAD8-226C3B4BDC07}
		{937F05C3-5DAE-A20C-5EA5-252EE1DCEDC9} = {AACF0D7C-6B57-4686-BAD8-226C3B4BDC07}
	EndGlobalSection
	GlobalSection(ExtensibilityGlobals) = postSolution
		SolutionGuid = {C41E39CC-6325-44E9-B7B6-7195C81E8219}
	EndGlobalSection
EndGlobal
